// !$*UTF8*$!
{
	archiveVersion = 1;
	classes = {
	};
	objectVersion = 46;
	objects = {

/* Begin PBXBuildFile section */
		DE9ED53E19EEF48000836C6B /* AppDelegate.swift in Sources */ = {isa = PBXBuildFile; fileRef = DE9ED53D19EEF48000836C6B /* AppDelegate.swift */; };
		DE9ED54019EEF48000836C6B /* ViewController.swift in Sources */ = {isa = PBXBuildFile; fileRef = DE9ED53F19EEF48000836C6B /* ViewController.swift */; };
		DE9ED54319EEF48000836C6B /* Main.storyboard in Resources */ = {isa = PBXBuildFile; fileRef = DE9ED54119EEF48000836C6B /* Main.storyboard */; };
		DE9ED54519EEF48000836C6B /* Images.xcassets in Resources */ = {isa = PBXBuildFile; fileRef = DE9ED54419EEF48000836C6B /* Images.xcassets */; };
		DE9ED54819EEF48000836C6B /* LaunchScreen.xib in Resources */ = {isa = PBXBuildFile; fileRef = DE9ED54619EEF48000836C6B /* LaunchScreen.xib */; };
		DE9ED55419EEF48000836C6B /* MangaloTests.swift in Sources */ = {isa = PBXBuildFile; fileRef = DE9ED55319EEF48000836C6B /* MangaloTests.swift */; };
/* End PBXBuildFile section */

/* Begin PBXContainerItemProxy section */
		DE9ED54E19EEF48000836C6B /* PBXContainerItemProxy */ = {
			isa = PBXContainerItemProxy;
			containerPortal = DE9ED53019EEF48000836C6B /* Project object */;
			proxyType = 1;
			remoteGlobalIDString = DE9ED53719EEF48000836C6B;
			remoteInfo = Mangalo;
		};
/* End PBXContainerItemProxy section */

/* Begin PBXFileReference section */
		DE9ED53819EEF48000836C6B /* Mangalo.app */ = {isa = PBXFileReference; explicitFileType = wrapper.application; includeInIndex = 0; path = Mangalo.app; sourceTree = BUILT_PRODUCTS_DIR; };
		DE9ED53C19EEF48000836C6B /* Info.plist */ = {isa = PBXFileReference; lastKnownFileType = text.plist.xml; path = Info.plist; sourceTree = "<group>"; };
		DE9ED53D19EEF48000836C6B /* AppDelegate.swift */ = {isa = PBXFileReference; lastKnownFileType = sourcecode.swift; path = AppDelegate.swift; sourceTree = "<group>"; };
		DE9ED53F19EEF48000836C6B /* ViewController.swift */ = {isa = PBXFileReference; lastKnownFileType = sourcecode.swift; path = ViewController.swift; sourceTree = "<group>"; };
		DE9ED54219EEF48000836C6B /* Base */ = {isa = PBXFileReference; lastKnownFileType = file.storyboard; name = Base; path = Base.lproj/Main.storyboard; sourceTree = "<group>"; };
		DE9ED54419EEF48000836C6B /* Images.xcassets */ = {isa = PBXFileReference; lastKnownFileType = folder.assetcatalog; path = Images.xcassets; sourceTree = "<group>"; };
		DE9ED54719EEF48000836C6B /* Base */ = {isa = PBXFileReference; lastKnownFileType = file.xib; name = Base; path = Base.lproj/LaunchScreen.xib; sourceTree = "<group>"; };
		DE9ED54D19EEF48000836C6B /* MangaloTests.xctest */ = {isa = PBXFileReference; explicitFileType = wrapper.cfbundle; includeInIndex = 0; path = MangaloTests.xctest; sourceTree = BUILT_PRODUCTS_DIR; };
		DE9ED55219EEF48000836C6B /* Info.plist */ = {isa = PBXFileReference; lastKnownFileType = text.plist.xml; path = Info.plist; sourceTree = "<group>"; };
		DE9ED55319EEF48000836C6B /* MangaloTests.swift */ = {isa = PBXFileReference; lastKnownFileType = sourcecode.swift; path = MangaloTests.swift; sourceTree = "<group>"; };
/* End PBXFileReference section */

/* Begin PBXFrameworksBuildPhase section */
		DE9ED53519EEF48000836C6B /* Frameworks */ = {
			isa = PBXFrameworksBuildPhase;
			buildActionMask = 2147483647;
			files = (
			);
			runOnlyForDeploymentPostprocessing = 0;
		};
		DE9ED54A19EEF48000836C6B /* Frameworks */ = {
			isa = PBXFrameworksBuildPhase;
			buildActionMask = 2147483647;
			files = (
			);
			runOnlyForDeploymentPostprocessing = 0;
		};
/* End PBXFrameworksBuildPhase section */

/* Begin PBXGroup section */
		DE9ED52F19EEF48000836C6B = {
			isa = PBXGroup;
			children = (
				DE9ED53A19EEF48000836C6B /* Mangalo */,
				DE9ED55019EEF48000836C6B /* MangaloTests */,
				DE9ED53919EEF48000836C6B /* Products */,
			);
			sourceTree = "<group>";
		};
		DE9ED53919EEF48000836C6B /* Products */ = {
			isa = PBXGroup;
			children = (
				DE9ED53819EEF48000836C6B /* Mangalo.app */,
				DE9ED54D19EEF48000836C6B /* MangaloTests.xctest */,
			);
			name = Products;
			sourceTree = "<group>";
		};
		DE9ED53A19EEF48000836C6B /* Mangalo */ = {
			isa = PBXGroup;
			children = (
				DE9ED53D19EEF48000836C6B /* AppDelegate.swift */,
				DE9ED53F19EEF48000836C6B /* ViewController.swift */,
				DE9ED54119EEF48000836C6B /* Main.storyboard */,
				DE9ED54419EEF48000836C6B /* Images.xcassets */,
				DE9ED54619EEF48000836C6B /* LaunchScreen.xib */,
				DE9ED53B19EEF48000836C6B /* Supporting Files */,
			);
			path = Mangalo;
			sourceTree = "<group>";
		};
		DE9ED53B19EEF48000836C6B /* Supporting Files */ = {
			isa = PBXGroup;
			children = (
				DE9ED53C19EEF48000836C6B /* Info.plist */,
			);
			name = "Supporting Files";
			sourceTree = "<group>";
		};
		DE9ED55019EEF48000836C6B /* MangaloTests */ = {
			isa = PBXGroup;
			children = (
				DE9ED55319EEF48000836C6B /* MangaloTests.swift */,
				DE9ED55119EEF48000836C6B /* Supporting Files */,
			);
			path = MangaloTests;
			sourceTree = "<group>";
		};
		DE9ED55119EEF48000836C6B /* Supporting Files */ = {
			isa = PBXGroup;
			children = (
				DE9ED55219EEF48000836C6B /* Info.plist */,
			);
			name = "Supporting Files";
			sourceTree = "<group>";
		};
/* End PBXGroup section */

/* Begin PBXNativeTarget section */
		DE9ED53719EEF48000836C6B /* Mangalo */ = {
			isa = PBXNativeTarget;
			buildConfigurationList = DE9ED55719EEF48000836C6B /* Build configuration list for PBXNativeTarget "Mangalo" */;
			buildPhases = (
				DE9ED53419EEF48000836C6B /* Sources */,
				DE9ED53519EEF48000836C6B /* Frameworks */,
				DE9ED53619EEF48000836C6B /* Resources */,
			);
			buildRules = (
			);
			dependencies = (
			);
			name = Mangalo;
			productName = Mangalo;
			productReference = DE9ED53819EEF48000836C6B /* Mangalo.app */;
			productType = "com.apple.product-type.application";
		};
		DE9ED54C19EEF48000836C6B /* MangaloTests */ = {
			isa = PBXNativeTarget;
			buildConfigurationList = DE9ED55A19EEF48000836C6B /* Build configuration list for PBXNativeTarget "MangaloTests" */;
			buildPhases = (
				DE9ED54919EEF48000836C6B /* Sources */,
				DE9ED54A19EEF48000836C6B /* Frameworks */,
				DE9ED54B19EEF48000836C6B /* Resources */,
			);
			buildRules = (
			);
			dependencies = (
				DE9ED54F19EEF48000836C6B /* PBXTargetDependency */,
			);
			name = MangaloTests;
			productName = MangaloTests;
			productReference = DE9ED54D19EEF48000836C6B /* MangaloTests.xctest */;
			productType = "com.apple.product-type.bundle.unit-test";
		};
/* End PBXNativeTarget section */

/* Begin PBXProject section */
		DE9ED53019EEF48000836C6B /* Project object */ = {
			isa = PBXProject;
			attributes = {
				LastUpgradeCheck = 0610;
				ORGANIZATIONNAME = VentureOne;
				TargetAttributes = {
					DE9ED53719EEF48000836C6B = {
						CreatedOnToolsVersion = 6.1;
					};
					DE9ED54C19EEF48000836C6B = {
						CreatedOnToolsVersion = 6.1;
						TestTargetID = DE9ED53719EEF48000836C6B;
					};
				};
			};
			buildConfigurationList = DE9ED53319EEF48000836C6B /* Build configuration list for PBXProject "Mangalo" */;
			compatibilityVersion = "Xcode 3.2";
			developmentRegion = English;
			hasScannedForEncodings = 0;
			knownRegions = (
				en,
				Base,
			);
			mainGroup = DE9ED52F19EEF48000836C6B;
			productRefGroup = DE9ED53919EEF48000836C6B /* Products */;
			projectDirPath = "";
			projectRoot = "";
			targets = (
				DE9ED53719EEF48000836C6B /* Mangalo */,
				DE9ED54C19EEF48000836C6B /* MangaloTests */,
			);
		};
/* End PBXProject section */

/* Begin PBXResourcesBuildPhase section */
		DE9ED53619EEF48000836C6B /* Resources */ = {
			isa = PBXResourcesBuildPhase;
			buildActionMask = 2147483647;
			files = (
				DE9ED54319EEF48000836C6B /* Main.storyboard in Resources */,
				DE9ED54819EEF48000836C6B /* LaunchScreen.xib in Resources */,
				DE9ED54519EEF48000836C6B /* Images.xcassets in Resources */,
			);
			runOnlyForDeploymentPostprocessing = 0;
		};
		DE9ED54B19EEF48000836C6B /* Resources */ = {
			isa = PBXResourcesBuildPhase;
			buildActionMask = 2147483647;
			files = (
			);
			runOnlyForDeploymentPostprocessing = 0;
		};
/* End PBXResourcesBuildPhase section */

/* Begin PBXSourcesBuildPhase section */
		DE9ED53419EEF48000836C6B /* Sources */ = {
			isa = PBXSourcesBuildPhase;
			buildActionMask = 2147483647;
			files = (
				DE9ED54019EEF48000836C6B /* ViewController.swift in Sources */,
				DE9ED53E19EEF48000836C6B /* AppDelegate.swift in Sources */,
			);
			runOnlyForDeploymentPostprocessing = 0;
		};
		DE9ED54919EEF48000836C6B /* Sources */ = {
			isa = PBXSourcesBuildPhase;
			buildActionMask = 2147483647;
			files = (
				DE9ED55419EEF48000836C6B /* MangaloTests.swift in Sources */,
			);
			runOnlyForDeploymentPostprocessing = 0;
		};
/* End PBXSourcesBuildPhase section */

/* Begin PBXTargetDependency section */
		DE9ED54F19EEF48000836C6B /* PBXTargetDependency */ = {
			isa = PBXTargetDependency;
			target = DE9ED53719EEF48000836C6B /* Mangalo */;
			targetProxy = DE9ED54E19EEF48000836C6B /* PBXContainerItemProxy */;
		};
/* End PBXTargetDependency section */

/* Begin PBXVariantGroup section */
		DE9ED54119EEF48000836C6B /* Main.storyboard */ = {
			isa = PBXVariantGroup;
			children = (
				DE9ED54219EEF48000836C6B /* Base */,
			);
			name = Main.storyboard;
			sourceTree = "<group>";
		};
		DE9ED54619EEF48000836C6B /* LaunchScreen.xib */ = {
			isa = PBXVariantGroup;
			children = (
				DE9ED54719EEF48000836C6B /* Base */,
			);
			name = LaunchScreen.xib;
			sourceTree = "<group>";
		};
/* End PBXVariantGroup section */

/* Begin XCBuildConfiguration section */
		DE9ED55519EEF48000836C6B /* Debug */ = {
			isa = XCBuildConfiguration;
			buildSettings = {
				ALWAYS_SEARCH_USER_PATHS = NO;
				CLANG_CXX_LANGUAGE_STANDARD = "gnu++0x";
				CLANG_CXX_LIBRARY = "libc++";
				CLANG_ENABLE_MODULES = YES;
				CLANG_ENABLE_OBJC_ARC = YES;
				CLANG_WARN_BOOL_CONVERSION = YES;
				CLANG_WARN_CONSTANT_CONVERSION = YES;
				CLANG_WARN_DIRECT_OBJC_ISA_USAGE = YES_ERROR;
				CLANG_WARN_EMPTY_BODY = YES;
				CLANG_WARN_ENUM_CONVERSION = YES;
				CLANG_WARN_INT_CONVERSION = YES;
				CLANG_WARN_OBJC_ROOT_CLASS = YES_ERROR;
				CLANG_WARN_UNREACHABLE_CODE = YES;
				CLANG_WARN__DUPLICATE_METHOD_MATCH = YES;
				"CODE_SIGN_IDENTITY[sdk=iphoneos*]" = "iPhone Developer";
				COPY_PHASE_STRIP = NO;
				ENABLE_STRICT_OBJC_MSGSEND = YES;
				GCC_C_LANGUAGE_STANDARD = gnu99;
				GCC_DYNAMIC_NO_PIC = NO;
				GCC_OPTIMIZATION_LEVEL = 0;
				GCC_PREPROCESSOR_DEFINITIONS = (
					"DEBUG=1",
					"$(inherited)",
				);
				GCC_SYMBOLS_PRIVATE_EXTERN = NO;
				GCC_WARN_64_TO_32_BIT_CONVERSION = YES;
				GCC_WARN_ABOUT_RETURN_TYPE = YES_ERROR;
				GCC_WARN_UNDECLARED_SELECTOR = YES;
				GCC_WARN_UNINITIALIZED_AUTOS = YES_AGGRESSIVE;
				GCC_WARN_UNUSED_FUNCTION = YES;
				GCC_WARN_UNUSED_VARIABLE = YES;
				IPHONEOS_DEPLOYMENT_TARGET = 8.1;
				MTL_ENABLE_DEBUG_INFO = YES;
				ONLY_ACTIVE_ARCH = YES;
				SDKROOT = iphoneos;
				SWIFT_OPTIMIZATION_LEVEL = "-Onone";
				TARGETED_DEVICE_FAMILY = "1,2";
			};
			name = Debug;
		};
		DE9ED55619EEF48000836C6B /* Release */ = {
			isa = XCBuildConfiguration;
			buildSettings = {
				ALWAYS_SEARCH_USER_PATHS = NO;
				CLANG_CXX_LANGUAGE_STANDARD = "gnu++0x";
				CLANG_CXX_LIBRARY = "libc++";
				CLANG_ENABLE_MODULES = YES;
				CLANG_ENABLE_OBJC_ARC = YES;
				CLANG_WARN_BOOL_CONVERSION = YES;
				CLANG_WARN_CONSTANT_CONVERSION = YES;
				CLANG_WARN_DIRECT_OBJC_ISA_USAGE = YES_ERROR;
				CLANG_WARN_EMPTY_BODY = YES;
				CLANG_WARN_ENUM_CONVERSION = YES;
				CLANG_WARN_INT_CONVERSION = YES;
				CLANG_WARN_OBJC_ROOT_CLASS = YES_ERROR;
				CLANG_WARN_UNREACHABLE_CODE = YES;
				CLANG_WARN__DUPLICATE_METHOD_MATCH = YES;
				"CODE_SIGN_IDENTITY[sdk=iphoneos*]" = "iPhone Developer";
				COPY_PHASE_STRIP = YES;
				ENABLE_NS_ASSERTIONS = NO;
				ENABLE_STRICT_OBJC_MSGSEND = YES;
				GCC_C_LANGUAGE_STANDARD = gnu99;
				GCC_WARN_64_TO_32_BIT_CONVERSION = YES;
				GCC_WARN_ABOUT_RETURN_TYPE = YES_ERROR;
				GCC_WARN_UNDECLARED_SELECTOR = YES;
				GCC_WARN_UNINITIALIZED_AUTOS = YES_AGGRESSIVE;
				GCC_WARN_UNUSED_FUNCTION = YES;
				GCC_WARN_UNUSED_VARIABLE = YES;
				IPHONEOS_DEPLOYMENT_TARGET = 8.1;
				MTL_ENABLE_DEBUG_INFO = NO;
				SDKROOT = iphoneos;
				TARGETED_DEVICE_FAMILY = "1,2";
				VALIDATE_PRODUCT = YES;
			};
			name = Release;
		};
		DE9ED55819EEF48000836C6B /* Debug */ = {
			isa = XCBuildConfiguration;
			buildSettings = {
				ASSETCATALOG_COMPILER_APPICON_NAME = AppIcon;
				INFOPLIST_FILE = Mangalo/Info.plist;
				LD_RUNPATH_SEARCH_PATHS = "$(inherited) @executable_path/Frameworks";
				PRODUCT_NAME = "$(TARGET_NAME)";
			};
			name = Debug;
		};
		DE9ED55919EEF48000836C6B /* Release */ = {
			isa = XCBuildConfiguration;
			buildSettings = {
				ASSETCATALOG_COMPILER_APPICON_NAME = AppIcon;
				INFOPLIST_FILE = Mangalo/Info.plist;
				LD_RUNPATH_SEARCH_PATHS = "$(inherited) @executable_path/Frameworks";
				PRODUCT_NAME = "$(TARGET_NAME)";
			};
			name = Release;
		};
		DE9ED55B19EEF48000836C6B /* Debug */ = {
			isa = XCBuildConfiguration;
			buildSettings = {
				BUNDLE_LOADER = "$(TEST_HOST)";
				FRAMEWORK_SEARCH_PATHS = (
					"$(SDKROOT)/Developer/Library/Frameworks",
					"$(inherited)",
				);
				GCC_PREPROCESSOR_DEFINITIONS = (
					"DEBUG=1",
					"$(inherited)",
				);
				INFOPLIST_FILE = MangaloTests/Info.plist;
				LD_RUNPATH_SEARCH_PATHS = "$(inherited) @executable_path/Frameworks @loader_path/Frameworks";
				PRODUCT_NAME = "$(TARGET_NAME)";
				TEST_HOST = "$(BUILT_PRODUCTS_DIR)/Mangalo.app/Mangalo";
			};
			name = Debug;
		};
		DE9ED55C19EEF48000836C6B /* Release */ = {
			isa = XCBuildConfiguration;
			buildSettings = {
				BUNDLE_LOADER = "$(TEST_HOST)";
				FRAMEWORK_SEARCH_PATHS = (
					"$(SDKROOT)/Developer/Library/Frameworks",
					"$(inherited)",
				);
				INFOPLIST_FILE = MangaloTests/Info.plist;
				LD_RUNPATH_SEARCH_PATHS = "$(inherited) @executable_path/Frameworks @loader_path/Frameworks";
				PRODUCT_NAME = "$(TARGET_NAME)";
				TEST_HOST = "$(BUILT_PRODUCTS_DIR)/Mangalo.app/Mangalo";
			};
			name = Release;
		};
/* End XCBuildConfiguration section */

/* Begin XCConfigurationList section */
		DE9ED53319EEF48000836C6B /* Build configuration list for PBXProject "Mangalo" */ = {
			isa = XCConfigurationList;
			buildConfigurations = (
				DE9ED55519EEF48000836C6B /* Debug */,
				DE9ED55619EEF48000836C6B /* Release */,
			);
			defaultConfigurationIsVisible = 0;
			defaultConfigurationName = Release;
		};
		DE9ED55719EEF48000836C6B /* Build configuration list for PBXNativeTarget "Mangalo" */ = {
			isa = XCConfigurationList;
			buildConfigurations = (
				DE9ED55819EEF48000836C6B /* Debug */,
				DE9ED55919EEF48000836C6B /* Release */,
			);
			defaultConfigurationIsVisible = 0;
		};
		DE9ED55A19EEF48000836C6B /* Build configuration list for PBXNativeTarget "MangaloTests" */ = {
			isa = XCConfigurationList;
			buildConfigurations = (
				DE9ED55B19EEF48000836C6B /* Debug */,
				DE9ED55C19EEF48000836C6B /* Release */,
			);
			defaultConfigurationIsVisible = 0;
		};
/* End XCConfigurationList section */
	};
	rootObject = DE9ED53019EEF48000836C6B /* Project object */;
}
